
Microsoft Visual Studio Solution File, Format Version 12.00
# Visual Studio Version 17
VisualStudioVersion = 17.0.32002.185
MinimumVisualStudioVersion = 10.0.40219.1
Project("{FAE04EC0-301F-11D3-BF4B-00C04F79EFBC}") = "Data Structures Lab", "Data Structures Lab\Data Structures Lab.csproj", "{0AFBB59E-46F2-47EA-8BB4-FAD84AC1716D}"
EndProject
Global
	GlobalSection(SolutionConfigurationPlatforms) = preSolution
		Debug|Any CPU = Debug|Any CPU
		Release|Any CPU = Release|Any CPU
	EndGlobalSection
	GlobalSection(ProjectConfigurationPlatforms) = postSolution
		{0AFBB59E-46F2-47EA-8BB4-FAD84AC1716D}.Debug|Any CPU.ActiveCfg = Debug|Any CPU
		{0AFBB59E-46F2-47EA-8BB4-FAD84AC1716D}.Debug|Any CPU.Build.0 = Debug|Any CPU
		{0AFBB59E-46F2-47EA-8BB4-FAD84AC1716D}.Release|Any CPU.ActiveCfg = Release|Any CPU
		{0AFBB59E-46F2-47EA-8BB4-FAD84AC1716D}.Release|Any CPU.Build.0 = Release|Any CPU
	EndGlobalSection
	GlobalSection(SolutionProperties) = preSolution
		HideSolutionNode = FALSE
	EndGlobalSection
	GlobalSection(ExtensibilityGlobals) = postSolution
		SolutionGuid = {3F003DBE-8D3E-43DF-BFC7-A5A80ECB09FC}
	EndGlobalSection
EndGlobal
